// !$*UTF8*$!
{
	archiveVersion = 1;
	classes = {
	};
	objectVersion = 46;
	objects = {

/* Begin PBXBuildFile section */
		2FCB00021C3C7B8800FABF55 /* LaunchScreen.storyboard in Resources */ = {isa = PBXBuildFile; fileRef = 2FCB00001C3C7B8800FABF55 /* LaunchScreen.storyboard */; };
		2FCBFFF81C3C7B8800FABF55 /* AppDelegate.swift in Sources */ = {isa = PBXBuildFile; fileRef = 2FCBFFF71C3C7B8800FABF55 /* AppDelegate.swift */; };
		2FCBFFFA1C3C7B8800FABF55 /* ViewController.swift in Sources */ = {isa = PBXBuildFile; fileRef = 2FCBFFF91C3C7B8800FABF55 /* ViewController.swift */; };
		2FCBFFFD1C3C7B8800FABF55 /* Main.storyboard in Resources */ = {isa = PBXBuildFile; fileRef = 2FCBFFFB1C3C7B8800FABF55 /* Main.storyboard */; };
		2FCBFFFF1C3C7B8800FABF55 /* Assets.xcassets in Resources */ = {isa = PBXBuildFile; fileRef = 2FCBFFFE1C3C7B8800FABF55 /* Assets.xcassets */; };
/* End PBXBuildFile section */

/* Begin PBXFileReference section */
		2FCB00011C3C7B8800FABF55 /* Base */ = {isa = PBXFileReference; lastKnownFileType = file.storyboard; name = Base; path = Base.lproj/LaunchScreen.storyboard; sourceTree = "<group>"; };
		2FCB00031C3C7B8800FABF55 /* Info.plist */ = {isa = PBXFileReference; lastKnownFileType = text.plist.xml; path = Info.plist; sourceTree = "<group>"; };
		2FCBFFF41C3C7B8800FABF55 /* iBeacon Proximity.app */ = {isa = PBXFileReference; explicitFileType = wrapper.application; includeInIndex = 0; path = "iBeacon Proximity.app"; sourceTree = BUILT_PRODUCTS_DIR; };
		2FCBFFF71C3C7B8800FABF55 /* AppDelegate.swift */ = {isa = PBXFileReference; lastKnownFileType = sourcecode.swift; path = AppDelegate.swift; sourceTree = "<group>"; };
		2FCBFFF91C3C7B8800FABF55 /* ViewController.swift */ = {isa = PBXFileReference; lastKnownFileType = sourcecode.swift; path = ViewController.swift; sourceTree = "<group>"; };
		2FCBFFFC1C3C7B8800FABF55 /* Base */ = {isa = PBXFileReference; lastKnownFileType = file.storyboard; name = Base; path = Base.lproj/Main.storyboard; sourceTree = "<group>"; };
		2FCBFFFE1C3C7B8800FABF55 /* Assets.xcassets */ = {isa = PBXFileReference; lastKnownFileType = folder.assetcatalog; path = Assets.xcassets; sourceTree = "<group>"; };
/* End PBXFileReference section */

/* Begin PBXFrameworksBuildPhase section */
		2FCBFFF11C3C7B8800FABF55 /* Frameworks */ = {
			isa = PBXFrameworksBuildPhase;
			buildActionMask = 2147483647;
			files = (
			);
			runOnlyForDeploymentPostprocessing = 0;
		};
/* End PBXFrameworksBuildPhase section */

/* Begin PBXGroup section */
		2FCBFFEB1C3C7B8800FABF55 = {
			isa = PBXGroup;
			children = (
				2FCBFFF61C3C7B8800FABF55 /* iBeacon Proximity */,
				2FCBFFF51C3C7B8800FABF55 /* Products */,
			);
			sourceTree = "<group>";
		};
		2FCBFFF51C3C7B8800FABF55 /* Products */ = {
			isa = PBXGroup;
			children = (
				2FCBFFF41C3C7B8800FABF55 /* iBeacon Proximity.app */,
			);
			name = Products;
			sourceTree = "<group>";
		};
		2FCBFFF61C3C7B8800FABF55 /* iBeacon Proximity */ = {
			isa = PBXGroup;
			children = (
				2FCBFFF71C3C7B8800FABF55 /* AppDelegate.swift */,
				2FCBFFF91C3C7B8800FABF55 /* ViewController.swift */,
				2FCBFFFB1C3C7B8800FABF55 /* Main.storyboard */,
				2FCBFFFE1C3C7B8800FABF55 /* Assets.xcassets */,
				2FCB00001C3C7B8800FABF55 /* LaunchScreen.storyboard */,
				2FCB00031C3C7B8800FABF55 /* Info.plist */,
			);
			path = "iBeacon Proximity";
			sourceTree = "<group>";
		};
/* End PBXGroup section */

/* Begin PBXNativeTarget section */
		2FCBFFF31C3C7B8800FABF55 /* iBeacon Proximity */ = {
			isa = PBXNativeTarget;
			buildConfigurationList = 2FCB00061C3C7B8800FABF55 /* Build configuration list for PBXNativeTarget "iBeacon Proximity" */;
			buildPhases = (
				2FCBFFF01C3C7B8800FABF55 /* Sources */,
				2FCBFFF11C3C7B8800FABF55 /* Frameworks */,
				2FCBFFF21C3C7B8800FABF55 /* Resources */,
			);
			buildRules = (
			);
			dependencies = (
			);
			name = "iBeacon Proximity";
			productName = "iBeacon Proximity";
			productReference = 2FCBFFF41C3C7B8800FABF55 /* iBeacon Proximity.app */;
			productType = "com.apple.product-type.application";
		};
/* End PBXNativeTarget section */

/* Begin PBXProject section */
		2FCBFFEC1C3C7B8800FABF55 /* Project object */ = {
			isa = PBXProject;
			attributes = {
				LastSwiftUpdateCheck = 0720;
				LastUpgradeCheck = 0720;
				ORGANIZATIONNAME = "Tyler Vick";
				TargetAttributes = {
					2FCBFFF31C3C7B8800FABF55 = {
						CreatedOnToolsVersion = 7.2;
						SystemCapabilities = {
							com.apple.BackgroundModes = {
								enabled = 1;
							};
						};
					};
				};
			};
			buildConfigurationList = 2FCBFFEF1C3C7B8800FABF55 /* Build configuration list for PBXProject "iBeacon Proximity" */;
			compatibilityVersion = "Xcode 3.2";
			developmentRegion = English;
			hasScannedForEncodings = 0;
			knownRegions = (
				en,
				Base,
			);
			mainGroup = 2FCBFFEB1C3C7B8800FABF55;
			productRefGroup = 2FCBFFF51C3C7B8800FABF55 /* Products */;
			projectDirPath = "";
			projectRoot = "";
			targets = (
				2FCBFFF31C3C7B8800FABF55 /* iBeacon Proximity */,
			);
		};
/* End PBXProject section */

/* Begin PBXResourcesBuildPhase section */
		2FCBFFF21C3C7B8800FABF55 /* Resources */ = {
			isa = PBXResourcesBuildPhase;
			buildActionMask = 2147483647;
			files = (
				2FCB00021C3C7B8800FABF55 /* LaunchScreen.storyboard in Resources */,
				2FCBFFFF1C3C7B8800FABF55 /* Assets.xcassets in Resources */,
				2FCBFFFD1C3C7B8800FABF55 /* Main.storyboard in Resources */,
			);
			runOnlyForDeploymentPostprocessing = 0;
		};
/* End PBXResourcesBuildPhase section */

/* Begin PBXSourcesBuildPhase section */
		2FCBFFF01C3C7B8800FABF55 /* Sources */ = {
			isa = PBXSourcesBuildPhase;
			buildActionMask = 2147483647;
			files = (
				2FCBFFFA1C3C7B8800FABF55 /* ViewController.swift in Sources */,
				2FCBFFF81C3C7B8800FABF55 /* AppDelegate.swift in Sources */,
			);
			runOnlyForDeploymentPostprocessing = 0;
		};
/* End PBXSourcesBuildPhase section */

/* Begin PBXVariantGroup section */
		2FCB00001C3C7B8800FABF55 /* LaunchScreen.storyboard */ = {
			isa = PBXVariantGroup;
			children = (
				2FCB00011C3C7B8800FABF55 /* Base */,
			);
			name = LaunchScreen.storyboard;
			sourceTree = "<group>";
		};
		2FCBFFFB1C3C7B8800FABF55 /* Main.storyboard */ = {
			isa = PBXVariantGroup;
			children = (
				2FCBFFFC1C3C7B8800FABF55 /* Base */,
			);
			name = Main.storyboard;
			sourceTree = "<group>";
		};
/* End PBXVariantGroup section */

/* Begin XCBuildConfiguration section */
		2FCB00041C3C7B8800FABF55 /* Debug */ = {
			isa = XCBuildConfiguration;
			buildSettings = {
				ALWAYS_SEARCH_USER_PATHS = NO;
				CLANG_CXX_LANGUAGE_STANDARD = "gnu++0x";
				CLANG_CXX_LIBRARY = "libc++";
				CLANG_ENABLE_MODULES = YES;
				CLANG_ENABLE_OBJC_ARC = YES;
				CLANG_WARN_BOOL_CONVERSION = YES;
				CLANG_WARN_CONSTANT_CONVERSION = YES;
				CLANG_WARN_DIRECT_OBJC_ISA_USAGE = YES_ERROR;
				CLANG_WARN_EMPTY_BODY = YES;
				CLANG_WARN_ENUM_CONVERSION = YES;
				CLANG_WARN_INT_CONVERSION = YES;
				CLANG_WARN_OBJC_ROOT_CLASS = YES_ERROR;
				CLANG_WARN_UNREACHABLE_CODE = YES;
				CLANG_WARN__DUPLICATE_METHOD_MATCH = YES;
				"CODE_SIGN_IDENTITY[sdk=iphoneos*]" = "iPhone Developer";
				COPY_PHASE_STRIP = NO;
				DEBUG_INFORMATION_FORMAT = dwarf;
				ENABLE_STRICT_OBJC_MSGSEND = YES;
				ENABLE_TESTABILITY = YES;
				GCC_C_LANGUAGE_STANDARD = gnu99;
				GCC_DYNAMIC_NO_PIC = NO;
				GCC_NO_COMMON_BLOCKS = YES;
				GCC_OPTIMIZATION_LEVEL = 0;
				GCC_PREPROCESSOR_DEFINITIONS = (
					"DEBUG=1",
					"$(inherited)",
				);
				GCC_WARN_64_TO_32_BIT_CONVERSION = YES;
				GCC_WARN_ABOUT_RETURN_TYPE = YES_ERROR;
				GCC_WARN_UNDECLARED_SELECTOR = YES;
				GCC_WARN_UNINITIALIZED_AUTOS = YES_AGGRESSIVE;
				GCC_WARN_UNUSED_FUNCTION = YES;
				GCC_WARN_UNUSED_VARIABLE = YES;
				IPHONEOS_DEPLOYMENT_TARGET = 9.2;
				MTL_ENABLE_DEBUG_INFO = YES;
				ONLY_ACTIVE_ARCH = YES;
				SDKROOT = iphoneos;
				SWIFT_OPTIMIZATION_LEVEL = "-Onone";
				TARGETED_DEVICE_FAMILY = "1,2";
			};
			name = Debug;
		};
		2FCB00051C3C7B8800FABF55 /* Release */ = {
			isa = XCBuildConfiguration;
			buildSettings = {
				ALWAYS_SEARCH_USER_PATHS = NO;
				CLANG_CXX_LANGUAGE_STANDARD = "gnu++0x";
				CLANG_CXX_LIBRARY = "libc++";
				CLANG_ENABLE_MODULES = YES;
				CLANG_ENABLE_OBJC_ARC = YES;
				CLANG_WARN_BOOL_CONVERSION = YES;
				CLANG_WARN_CONSTANT_CONVERSION = YES;
				CLANG_WARN_DIRECT_OBJC_ISA_USAGE = YES_ERROR;
				CLANG_WARN_EMPTY_BODY = YES;
				CLANG_WARN_ENUM_CONVERSION = YES;
				CLANG_WARN_INT_CONVERSION = YES;
				CLANG_WARN_OBJC_ROOT_CLASS = YES_ERROR;
				CLANG_WARN_UNREACHABLE_CODE = YES;
				CLANG_WARN__DUPLICATE_METHOD_MATCH = YES;
				"CODE_SIGN_IDENTITY[sdk=iphoneos*]" = "iPhone Developer";
				COPY_PHASE_STRIP = NO;
				DEBUG_INFORMATION_FORMAT = "dwarf-with-dsym";
				ENABLE_NS_ASSERTIONS = NO;
				ENABLE_STRICT_OBJC_MSGSEND = YES;
				GCC_C_LANGUAGE_STANDARD = gnu99;
				GCC_NO_COMMON_BLOCKS = YES;
				GCC_WARN_64_TO_32_BIT_CONVERSION = YES;
				GCC_WARN_ABOUT_RETURN_TYPE = YES_ERROR;
				GCC_WARN_UNDECLARED_SELECTOR = YES;
				GCC_WARN_UNINITIALIZED_AUTOS = YES_AGGRESSIVE;
				GCC_WARN_UNUSED_FUNCTION = YES;
				GCC_WARN_UNUSED_VARIABLE = YES;
				IPHONEOS_DEPLOYMENT_TARGET = 9.2;
				MTL_ENABLE_DEBUG_INFO = NO;
				SDKROOT = iphoneos;
				TARGETED_DEVICE_FAMILY = "1,2";
				VALIDATE_PRODUCT = YES;
			};
			name = Release;
		};
		2FCB00071C3C7B8800FABF55 /* Debug */ = {
			isa = XCBuildConfiguration;
			buildSettings = {
				ASSETCATALOG_COMPILER_APPICON_NAME = AppIcon;
				INFOPLIST_FILE = "iBeacon Proximity/Info.plist";
				LD_RUNPATH_SEARCH_PATHS = "$(inherited) @executable_path/Frameworks";
				PRODUCT_BUNDLE_IDENTIFIER = "com.tylervick.iBeacon-Proximity";
				PRODUCT_NAME = "$(TARGET_NAME)";
			};
			name = Debug;
		};
		2FCB00081C3C7B8800FABF55 /* Release */ = {
			isa = XCBuildConfiguration;
			buildSettings = {
				ASSETCATALOG_COMPILER_APPICON_NAME = AppIcon;
				INFOPLIST_FILE = "iBeacon Proximity/Info.plist";
				LD_RUNPATH_SEARCH_PATHS = "$(inherited) @executable_path/Frameworks";
				PRODUCT_BUNDLE_IDENTIFIER = "com.tylervick.iBeacon-Proximity";
				PRODUCT_NAME = "$(TARGET_NAME)";
			};
			name = Release;
		};
/* End XCBuildConfiguration section */

/* Begin XCConfigurationList section */
		2FCB00061C3C7B8800FABF55 /* Build configuration list for PBXNativeTarget "iBeacon Proximity" */ = {
			isa = XCConfigurationList;
			buildConfigurations = (
				2FCB00071C3C7B8800FABF55 /* Debug */,
				2FCB00081C3C7B8800FABF55 /* Release */,
			);
			defaultConfigurationIsVisible = 0;
			defaultConfigurationName = Release;
		};
		2FCBFFEF1C3C7B8800FABF55 /* Build configuration list for PBXProject "iBeacon Proximity" */ = {
			isa = XCConfigurationList;
			buildConfigurations = (
				2FCB00041C3C7B8800FABF55 /* Debug */,
				2FCB00051C3C7B8800FABF55 /* Release */,
			);
			defaultConfigurationIsVisible = 0;
			defaultConfigurationName = Release;
		};
/* End XCConfigurationList section */
	};
	rootObject = 2FCBFFEC1C3C7B8800FABF55 /* Project object */;
}
